
Microsoft Visual Studio Solution File, Format Version 12.00
# Visual Studio Version 16
VisualStudioVersion = 16.0.30717.126
MinimumVisualStudioVersion = 10.0.40219.1
Project("{9A19103F-16F7-4668-BE54-9A1E7A4F7556}") = "ConfigurationEditor", "Editor\ConfigurationEditor.csproj", "{AE7CA55C-69D0-40CA-955B-58CFC64E34C1}"
EndProject
Project("{9A19103F-16F7-4668-BE54-9A1E7A4F7556}") = "ConfigurationEditorComponent", "ConfigurationEditorComponent\ConfigurationEditorComponent.csproj", "{8DF0C8D1-A1AE-4D53-83DA-F24728D37C7A}"
EndProject
Project("{9A19103F-16F7-4668-BE54-9A1E7A4F7556}") = "Configuration", "Configuration\Configuration.csproj", "{04F66953-4045-45B9-88AF-E42A983C6F02}"
EndProject
Project("{9A19103F-16F7-4668-BE54-9A1E7A4F7556}") = "UnitTests", "UnitTests\UnitTests.csproj", "{C4E4C2E1-ECE3-46FE-9C86-D9B9BE21B6E1}"
EndProject
Project("{FAE04EC0-301F-11D3-BF4B-00C04F79EFBC}") = "SampleNodes", "SampleNodes\SampleNodes.csproj", "{8408E415-ACE1-45AF-94BF-7E38F04510B4}"
EndProject
Global
	GlobalSection(SolutionConfigurationPlatforms) = preSolution
		Debug|Any CPU = Debug|Any CPU
		Release|Any CPU = Release|Any CPU
	EndGlobalSection
	GlobalSection(ProjectConfigurationPlatforms) = postSolution
		{AE7CA55C-69D0-40CA-955B-58CFC64E34C1}.Debug|Any CPU.ActiveCfg = Debug|Any CPU
		{AE7CA55C-69D0-40CA-955B-58CFC64E34C1}.Debug|Any CPU.Build.0 = Debug|Any CPU
		{AE7CA55C-69D0-40CA-955B-58CFC64E34C1}.Release|Any CPU.ActiveCfg = Release|Any CPU
		{AE7CA55C-69D0-40CA-955B-58CFC64E34C1}.Release|Any CPU.Build.0 = Release|Any CPU
		{8DF0C8D1-A1AE-4D53-83DA-F24728D37C7A}.Debug|Any CPU.ActiveCfg = Debug|Any CPU
		{8DF0C8D1-A1AE-4D53-83DA-F24728D37C7A}.Debug|Any CPU.Build.0 = Debug|Any CPU
		{8DF0C8D1-A1AE-4D53-83DA-F24728D37C7A}.Release|Any CPU.ActiveCfg = Release|Any CPU
		{8DF0C8D1-A1AE-4D53-83DA-F24728D37C7A}.Release|Any CPU.Build.0 = Release|Any CPU
		{04F66953-4045-45B9-88AF-E42A983C6F02}.Debug|Any CPU.ActiveCfg = Debug|Any CPU
		{04F66953-4045-45B9-88AF-E42A983C6F02}.Debug|Any CPU.Build.0 = Debug|Any CPU
		{04F66953-4045-45B9-88AF-E42A983C6F02}.Release|Any CPU.ActiveCfg = Release|Any CPU
		{04F66953-4045-45B9-88AF-E42A983C6F02}.Release|Any CPU.Build.0 = Release|Any CPU
		{C4E4C2E1-ECE3-46FE-9C86-D9B9BE21B6E1}.Debug|Any CPU.ActiveCfg = Debug|Any CPU
		{C4E4C2E1-ECE3-46FE-9C86-D9B9BE21B6E1}.Debug|Any CPU.Build.0 = Debug|Any CPU
		{C4E4C2E1-ECE3-46FE-9C86-D9B9BE21B6E1}.Release|Any CPU.ActiveCfg = Release|Any CPU
		{C4E4C2E1-ECE3-46FE-9C86-D9B9BE21B6E1}.Release|Any CPU.Build.0 = Release|Any CPU
		{8408E415-ACE1-45AF-94BF-7E38F04510B4}.Debug|Any CPU.ActiveCfg = Debug|Any CPU
		{8408E415-ACE1-45AF-94BF-7E38F04510B4}.Debug|Any CPU.Build.0 = Debug|Any CPU
		{8408E415-ACE1-45AF-94BF-7E38F04510B4}.Release|Any CPU.ActiveCfg = Release|Any CPU
		{8408E415-ACE1-45AF-94BF-7E38F04510B4}.Release|Any CPU.Build.0 = Release|Any CPU
	EndGlobalSection
	GlobalSection(SolutionProperties) = preSolution
		HideSolutionNode = FALSE
	EndGlobalSection
	GlobalSection(ExtensibilityGlobals) = postSolution
		SolutionGuid = {A1F035BF-39DE-4E19-A1A9-CA1D03C69EDC}
	EndGlobalSection
EndGlobal
